
Microsoft Visual Studio Solution File, Format Version 12.00
# Visual Studio Version 17
VisualStudioVersion = 17.2.32519.379
MinimumVisualStudioVersion = 10.0.40219.1
Project("{FAE04EC0-301F-11D3-BF4B-00C04F79EFBC}") = "RpgGftStart", "RpgGftStart\RpgGftStart.csproj", "{444F84E0-FF63-4959-9FF6-0FAA2E1A3AE6}"
EndProject
Global
	GlobalSection(SolutionConfigurationPlatforms) = preSolution
		Debug|Any CPU = Debug|Any CPU
		Release|Any CPU = Release|Any CPU
	EndGlobalSection
	GlobalSection(ProjectConfigurationPlatforms) = postSolution
		{444F84E0-FF63-4959-9FF6-0FAA2E1A3AE6}.Debug|Any CPU.ActiveCfg = Debug|Any CPU
		{444F84E0-FF63-4959-9FF6-0FAA2E1A3AE6}.Debug|Any CPU.Build.0 = Debug|Any CPU
		{444F84E0-FF63-4959-9FF6-0FAA2E1A3AE6}.Release|Any CPU.ActiveCfg = Release|Any CPU
		{444F84E0-FF63-4959-9FF6-0FAA2E1A3AE6}.Release|Any CPU.Build.0 = Release|Any CPU
	EndGlobalSection
	GlobalSection(SolutionProperties) = preSolution
		HideSolutionNode = FALSE
	EndGlobalSection
	GlobalSection(ExtensibilityGlobals) = postSolution
		SolutionGuid = {1DD2D507-1445-421B-9AF3-99E0CFE4FDD1}
	EndGlobalSection
EndGlobal
